
Microsoft Visual Studio Solution File, Format Version 12.00
# Visual Studio Version 17
VisualStudioVersion = 17.7.34024.191
MinimumVisualStudioVersion = 10.0.40219.1
Project("{FAE04EC0-301F-11D3-BF4B-00C04F79EFBC}") = "PartyInvites", "PartyInvites\PartyInvites.csproj", "{244CB7B7-0E51-4EA8-9476-F2694DCB6F00}"
EndProject
Global
	GlobalSection(SolutionConfigurationPlatforms) = preSolution
		Debug|Any CPU = Debug|Any CPU
		Release|Any CPU = Release|Any CPU
	EndGlobalSection
	GlobalSection(ProjectConfigurationPlatforms) = postSolution
		{244CB7B7-0E51-4EA8-9476-F2694DCB6F00}.Debug|Any CPU.ActiveCfg = Debug|Any CPU
		{244CB7B7-0E51-4EA8-9476-F2694DCB6F00}.Debug|Any CPU.Build.0 = Debug|Any CPU
		{244CB7B7-0E51-4EA8-9476-F2694DCB6F00}.Release|Any CPU.ActiveCfg = Release|Any CPU
		{244CB7B7-0E51-4EA8-9476-F2694DCB6F00}.Release|Any CPU.Build.0 = Release|Any CPU
	EndGlobalSection
	GlobalSection(SolutionProperties) = preSolution
		HideSolutionNode = FALSE
	EndGlobalSection
	GlobalSection(ExtensibilityGlobals) = postSolution
		SolutionGuid = {3CC12F55-821A-4237-B9B8-633F3C16969A}
	EndGlobalSection
EndGlobal
